// !$*UTF8*$!
{
	archiveVersion = 1;
	classes = {
	};
	objectVersion = 50;
	objects = {

/* Begin PBXBuildFile section */
		562DC48CA13F15E95A744347 /* Pods_ObservableAndTheBind_.framework in Frameworks */ = {isa = PBXBuildFile; fileRef = E931AF39CFF746DB852918AB /* Pods_ObservableAndTheBind_.framework */; };
		84328AD0EF5E2556ED9D6465 /* Pods_ObservableAndTheBind_UITests.framework in Frameworks */ = {isa = PBXBuildFile; fileRef = 198D249E463622F7A3F0C089 /* Pods_ObservableAndTheBind_UITests.framework */; };
		8B18D1FD58BBEFA948099B0E /* Pods_ObservableAndTheBind_Tests.framework in Frameworks */ = {isa = PBXBuildFile; fileRef = FBB6D89888F322CE36A050A1 /* Pods_ObservableAndTheBind_Tests.framework */; };
		BA86455C21F018A900B84993 /* AppDelegate.swift in Sources */ = {isa = PBXBuildFile; fileRef = BA86455B21F018A900B84993 /* AppDelegate.swift */; };
		BA86455E21F018A900B84993 /* ViewController.swift in Sources */ = {isa = PBXBuildFile; fileRef = BA86455D21F018A900B84993 /* ViewController.swift */; };
		BA86456121F018A900B84993 /* Main.storyboard in Resources */ = {isa = PBXBuildFile; fileRef = BA86455F21F018A900B84993 /* Main.storyboard */; };
		BA86456321F018AA00B84993 /* Assets.xcassets in Resources */ = {isa = PBXBuildFile; fileRef = BA86456221F018AA00B84993 /* Assets.xcassets */; };
		BA86456621F018AA00B84993 /* LaunchScreen.storyboard in Resources */ = {isa = PBXBuildFile; fileRef = BA86456421F018AA00B84993 /* LaunchScreen.storyboard */; };
		BA86457121F018AA00B84993 /* ObservableAndTheBind_Tests.swift in Sources */ = {isa = PBXBuildFile; fileRef = BA86457021F018AA00B84993 /* ObservableAndTheBind_Tests.swift */; };
		BA86457C21F018AA00B84993 /* ObservableAndTheBind_UITests.swift in Sources */ = {isa = PBXBuildFile; fileRef = BA86457B21F018AA00B84993 /* ObservableAndTheBind_UITests.swift */; };
/* End PBXBuildFile section */

/* Begin PBXContainerItemProxy section */
		BA86456D21F018AA00B84993 /* PBXContainerItemProxy */ = {
			isa = PBXContainerItemProxy;
			containerPortal = BA86455021F018A900B84993 /* Project object */;
			proxyType = 1;
			remoteGlobalIDString = BA86455721F018A900B84993;
			remoteInfo = ObservableAndTheBind.;
		};
		BA86457821F018AA00B84993 /* PBXContainerItemProxy */ = {
			isa = PBXContainerItemProxy;
			containerPortal = BA86455021F018A900B84993 /* Project object */;
			proxyType = 1;
			remoteGlobalIDString = BA86455721F018A900B84993;
			remoteInfo = ObservableAndTheBind.;
		};
/* End PBXContainerItemProxy section */

/* Begin PBXFileReference section */
		0635A68A18F65236D7F6F594 /* Pods-ObservableAndTheBind.Tests.debug.xcconfig */ = {isa = PBXFileReference; includeInIndex = 1; lastKnownFileType = text.xcconfig; name = "Pods-ObservableAndTheBind.Tests.debug.xcconfig"; path = "Pods/Target Support Files/Pods-ObservableAndTheBind.Tests/Pods-ObservableAndTheBind.Tests.debug.xcconfig"; sourceTree = "<group>"; };
		198D249E463622F7A3F0C089 /* Pods_ObservableAndTheBind_UITests.framework */ = {isa = PBXFileReference; explicitFileType = wrapper.framework; includeInIndex = 0; path = Pods_ObservableAndTheBind_UITests.framework; sourceTree = BUILT_PRODUCTS_DIR; };
		4F43738C5AB1DCCD062EA540 /* Pods-ObservableAndTheBind.UITests.release.xcconfig */ = {isa = PBXFileReference; includeInIndex = 1; lastKnownFileType = text.xcconfig; name = "Pods-ObservableAndTheBind.UITests.release.xcconfig"; path = "Pods/Target Support Files/Pods-ObservableAndTheBind.UITests/Pods-ObservableAndTheBind.UITests.release.xcconfig"; sourceTree = "<group>"; };
		A2789108CB967D5B1F4053EF /* Pods-ObservableAndTheBind..release.xcconfig */ = {isa = PBXFileReference; includeInIndex = 1; lastKnownFileType = text.xcconfig; name = "Pods-ObservableAndTheBind..release.xcconfig"; path = "Pods/Target Support Files/Pods-ObservableAndTheBind./Pods-ObservableAndTheBind..release.xcconfig"; sourceTree = "<group>"; };
		A3150F0746108FB62979C04A /* Pods-ObservableAndTheBind..debug.xcconfig */ = {isa = PBXFileReference; includeInIndex = 1; lastKnownFileType = text.xcconfig; name = "Pods-ObservableAndTheBind..debug.xcconfig"; path = "Pods/Target Support Files/Pods-ObservableAndTheBind./Pods-ObservableAndTheBind..debug.xcconfig"; sourceTree = "<group>"; };
		B14D39E89736E096C199C9DF /* Pods-ObservableAndTheBind.Tests.release.xcconfig */ = {isa = PBXFileReference; includeInIndex = 1; lastKnownFileType = text.xcconfig; name = "Pods-ObservableAndTheBind.Tests.release.xcconfig"; path = "Pods/Target Support Files/Pods-ObservableAndTheBind.Tests/Pods-ObservableAndTheBind.Tests.release.xcconfig"; sourceTree = "<group>"; };
		BA86455821F018A900B84993 /* ObservableAndTheBind..app */ = {isa = PBXFileReference; explicitFileType = wrapper.application; includeInIndex = 0; path = ObservableAndTheBind..app; sourceTree = BUILT_PRODUCTS_DIR; };
		BA86455B21F018A900B84993 /* AppDelegate.swift */ = {isa = PBXFileReference; lastKnownFileType = sourcecode.swift; path = AppDelegate.swift; sourceTree = "<group>"; };
		BA86455D21F018A900B84993 /* ViewController.swift */ = {isa = PBXFileReference; lastKnownFileType = sourcecode.swift; path = ViewController.swift; sourceTree = "<group>"; };
		BA86456021F018A900B84993 /* Base */ = {isa = PBXFileReference; lastKnownFileType = file.storyboard; name = Base; path = Base.lproj/Main.storyboard; sourceTree = "<group>"; };
		BA86456221F018AA00B84993 /* Assets.xcassets */ = {isa = PBXFileReference; lastKnownFileType = folder.assetcatalog; path = Assets.xcassets; sourceTree = "<group>"; };
		BA86456521F018AA00B84993 /* Base */ = {isa = PBXFileReference; lastKnownFileType = file.storyboard; name = Base; path = Base.lproj/LaunchScreen.storyboard; sourceTree = "<group>"; };
		BA86456721F018AA00B84993 /* Info.plist */ = {isa = PBXFileReference; lastKnownFileType = text.plist.xml; path = Info.plist; sourceTree = "<group>"; };
		BA86456C21F018AA00B84993 /* ObservableAndTheBind.Tests.xctest */ = {isa = PBXFileReference; explicitFileType = wrapper.cfbundle; includeInIndex = 0; path = ObservableAndTheBind.Tests.xctest; sourceTree = BUILT_PRODUCTS_DIR; };
		BA86457021F018AA00B84993 /* ObservableAndTheBind_Tests.swift */ = {isa = PBXFileReference; lastKnownFileType = sourcecode.swift; path = ObservableAndTheBind_Tests.swift; sourceTree = "<group>"; };
		BA86457221F018AA00B84993 /* Info.plist */ = {isa = PBXFileReference; lastKnownFileType = text.plist.xml; path = Info.plist; sourceTree = "<group>"; };
		BA86457721F018AA00B84993 /* ObservableAndTheBind.UITests.xctest */ = {isa = PBXFileReference; explicitFileType = wrapper.cfbundle; includeInIndex = 0; path = ObservableAndTheBind.UITests.xctest; sourceTree = BUILT_PRODUCTS_DIR; };
		BA86457B21F018AA00B84993 /* ObservableAndTheBind_UITests.swift */ = {isa = PBXFileReference; lastKnownFileType = sourcecode.swift; path = ObservableAndTheBind_UITests.swift; sourceTree = "<group>"; };
		BA86457D21F018AA00B84993 /* Info.plist */ = {isa = PBXFileReference; lastKnownFileType = text.plist.xml; path = Info.plist; sourceTree = "<group>"; };
		C4C9C876113C05663A541222 /* Pods-ObservableAndTheBind.UITests.debug.xcconfig */ = {isa = PBXFileReference; includeInIndex = 1; lastKnownFileType = text.xcconfig; name = "Pods-ObservableAndTheBind.UITests.debug.xcconfig"; path = "Pods/Target Support Files/Pods-ObservableAndTheBind.UITests/Pods-ObservableAndTheBind.UITests.debug.xcconfig"; sourceTree = "<group>"; };
		E931AF39CFF746DB852918AB /* Pods_ObservableAndTheBind_.framework */ = {isa = PBXFileReference; explicitFileType = wrapper.framework; includeInIndex = 0; path = Pods_ObservableAndTheBind_.framework; sourceTree = BUILT_PRODUCTS_DIR; };
		FBB6D89888F322CE36A050A1 /* Pods_ObservableAndTheBind_Tests.framework */ = {isa = PBXFileReference; explicitFileType = wrapper.framework; includeInIndex = 0; path = Pods_ObservableAndTheBind_Tests.framework; sourceTree = BUILT_PRODUCTS_DIR; };
/* End PBXFileReference section */

/* Begin PBXFrameworksBuildPhase section */
		BA86455521F018A900B84993 /* Frameworks */ = {
			isa = PBXFrameworksBuildPhase;
			buildActionMask = 2147483647;
			files = (
				562DC48CA13F15E95A744347 /* Pods_ObservableAndTheBind_.framework in Frameworks */,
			);
			runOnlyForDeploymentPostprocessing = 0;
		};
		BA86456921F018AA00B84993 /* Frameworks */ = {
			isa = PBXFrameworksBuildPhase;
			buildActionMask = 2147483647;
			files = (
				8B18D1FD58BBEFA948099B0E /* Pods_ObservableAndTheBind_Tests.framework in Frameworks */,
			);
			runOnlyForDeploymentPostprocessing = 0;
		};
		BA86457421F018AA00B84993 /* Frameworks */ = {
			isa = PBXFrameworksBuildPhase;
			buildActionMask = 2147483647;
			files = (
				84328AD0EF5E2556ED9D6465 /* Pods_ObservableAndTheBind_UITests.framework in Frameworks */,
			);
			runOnlyForDeploymentPostprocessing = 0;
		};
/* End PBXFrameworksBuildPhase section */

/* Begin PBXGroup section */
		3184A911D5E80AD0ECD26BAD /* Frameworks */ = {
			isa = PBXGroup;
			children = (
				E931AF39CFF746DB852918AB /* Pods_ObservableAndTheBind_.framework */,
				FBB6D89888F322CE36A050A1 /* Pods_ObservableAndTheBind_Tests.framework */,
				198D249E463622F7A3F0C089 /* Pods_ObservableAndTheBind_UITests.framework */,
			);
			name = Frameworks;
			sourceTree = "<group>";
		};
		44148AC00B15D1D73504897A /* Pods */ = {
			isa = PBXGroup;
			children = (
				A3150F0746108FB62979C04A /* Pods-ObservableAndTheBind..debug.xcconfig */,
				A2789108CB967D5B1F4053EF /* Pods-ObservableAndTheBind..release.xcconfig */,
				0635A68A18F65236D7F6F594 /* Pods-ObservableAndTheBind.Tests.debug.xcconfig */,
				B14D39E89736E096C199C9DF /* Pods-ObservableAndTheBind.Tests.release.xcconfig */,
				C4C9C876113C05663A541222 /* Pods-ObservableAndTheBind.UITests.debug.xcconfig */,
				4F43738C5AB1DCCD062EA540 /* Pods-ObservableAndTheBind.UITests.release.xcconfig */,
			);
			name = Pods;
			sourceTree = "<group>";
		};
		BA86454F21F018A900B84993 = {
			isa = PBXGroup;
			children = (
				BA86455A21F018A900B84993 /* ObservableAndTheBind. */,
				BA86456F21F018AA00B84993 /* ObservableAndTheBind.Tests */,
				BA86457A21F018AA00B84993 /* ObservableAndTheBind.UITests */,
				BA86455921F018A900B84993 /* Products */,
				44148AC00B15D1D73504897A /* Pods */,
				3184A911D5E80AD0ECD26BAD /* Frameworks */,
			);
			sourceTree = "<group>";
		};
		BA86455921F018A900B84993 /* Products */ = {
			isa = PBXGroup;
			children = (
				BA86455821F018A900B84993 /* ObservableAndTheBind..app */,
				BA86456C21F018AA00B84993 /* ObservableAndTheBind.Tests.xctest */,
				BA86457721F018AA00B84993 /* ObservableAndTheBind.UITests.xctest */,
			);
			name = Products;
			sourceTree = "<group>";
		};
		BA86455A21F018A900B84993 /* ObservableAndTheBind. */ = {
			isa = PBXGroup;
			children = (
				BA86455B21F018A900B84993 /* AppDelegate.swift */,
				BA86455D21F018A900B84993 /* ViewController.swift */,
				BA86455F21F018A900B84993 /* Main.storyboard */,
				BA86456221F018AA00B84993 /* Assets.xcassets */,
				BA86456421F018AA00B84993 /* LaunchScreen.storyboard */,
				BA86456721F018AA00B84993 /* Info.plist */,
			);
			path = ObservableAndTheBind.;
			sourceTree = "<group>";
		};
		BA86456F21F018AA00B84993 /* ObservableAndTheBind.Tests */ = {
			isa = PBXGroup;
			children = (
				BA86457021F018AA00B84993 /* ObservableAndTheBind_Tests.swift */,
				BA86457221F018AA00B84993 /* Info.plist */,
			);
			path = ObservableAndTheBind.Tests;
			sourceTree = "<group>";
		};
		BA86457A21F018AA00B84993 /* ObservableAndTheBind.UITests */ = {
			isa = PBXGroup;
			children = (
				BA86457B21F018AA00B84993 /* ObservableAndTheBind_UITests.swift */,
				BA86457D21F018AA00B84993 /* Info.plist */,
			);
			path = ObservableAndTheBind.UITests;
			sourceTree = "<group>";
		};
/* End PBXGroup section */

/* Begin PBXNativeTarget section */
		BA86455721F018A900B84993 /* ObservableAndTheBind. */ = {
			isa = PBXNativeTarget;
			buildConfigurationList = BA86458021F018AA00B84993 /* Build configuration list for PBXNativeTarget "ObservableAndTheBind." */;
			buildPhases = (
				931DFEBD5F383BD18908DCBC /* [CP] Check Pods Manifest.lock */,
				BA86455421F018A900B84993 /* Sources */,
				BA86455521F018A900B84993 /* Frameworks */,
				BA86455621F018A900B84993 /* Resources */,
				753FA8CF246902F640C37043 /* [CP] Embed Pods Frameworks */,
				CD0FC2878482BA86E433C0AE /* [CP] Copy Pods Resources */,
			);
			buildRules = (
			);
			dependencies = (
			);
			name = ObservableAndTheBind.;
			productName = ObservableAndTheBind.;
			productReference = BA86455821F018A900B84993 /* ObservableAndTheBind..app */;
			productType = "com.apple.product-type.application";
		};
		BA86456B21F018AA00B84993 /* ObservableAndTheBind.Tests */ = {
			isa = PBXNativeTarget;
			buildConfigurationList = BA86458321F018AA00B84993 /* Build configuration list for PBXNativeTarget "ObservableAndTheBind.Tests" */;
			buildPhases = (
				5311750FB8BC6C16A15CA433 /* [CP] Check Pods Manifest.lock */,
				BA86456821F018AA00B84993 /* Sources */,
				BA86456921F018AA00B84993 /* Frameworks */,
				BA86456A21F018AA00B84993 /* Resources */,
				270E9B5F2C26FD0CA83AEC1D /* [CP] Embed Pods Frameworks */,
				C13F53378CF2D17364B1690B /* [CP] Copy Pods Resources */,
			);
			buildRules = (
			);
			dependencies = (
				BA86456E21F018AA00B84993 /* PBXTargetDependency */,
			);
			name = ObservableAndTheBind.Tests;
			productName = ObservableAndTheBind.Tests;
			productReference = BA86456C21F018AA00B84993 /* ObservableAndTheBind.Tests.xctest */;
			productType = "com.apple.product-type.bundle.unit-test";
		};
		BA86457621F018AA00B84993 /* ObservableAndTheBind.UITests */ = {
			isa = PBXNativeTarget;
			buildConfigurationList = BA86458621F018AA00B84993 /* Build configuration list for PBXNativeTarget "ObservableAndTheBind.UITests" */;
			buildPhases = (
				41578BEA713F6A3A63AE8FFB /* [CP] Check Pods Manifest.lock */,
				BA86457321F018AA00B84993 /* Sources */,
				BA86457421F018AA00B84993 /* Frameworks */,
				BA86457521F018AA00B84993 /* Resources */,
				55A18227F63E7F353DC810F8 /* [CP] Embed Pods Frameworks */,
				3506F306BE1BE566C5AFF8E9 /* [CP] Copy Pods Resources */,
			);
			buildRules = (
			);
			dependencies = (
				BA86457921F018AA00B84993 /* PBXTargetDependency */,
			);
			name = ObservableAndTheBind.UITests;
			productName = ObservableAndTheBind.UITests;
			productReference = BA86457721F018AA00B84993 /* ObservableAndTheBind.UITests.xctest */;
			productType = "com.apple.product-type.bundle.ui-testing";
		};
/* End PBXNativeTarget section */

/* Begin PBXProject section */
		BA86455021F018A900B84993 /* Project object */ = {
			isa = PBXProject;
			attributes = {
				LastSwiftUpdateCheck = 1010;
				LastUpgradeCheck = 1010;
				ORGANIZATIONNAME = JHH;
				TargetAttributes = {
					BA86455721F018A900B84993 = {
						CreatedOnToolsVersion = 10.1;
					};
					BA86456B21F018AA00B84993 = {
						CreatedOnToolsVersion = 10.1;
						TestTargetID = BA86455721F018A900B84993;
					};
					BA86457621F018AA00B84993 = {
						CreatedOnToolsVersion = 10.1;
						TestTargetID = BA86455721F018A900B84993;
					};
				};
			};
			buildConfigurationList = BA86455321F018A900B84993 /* Build configuration list for PBXProject "ObservableAndTheBind." */;
			compatibilityVersion = "Xcode 9.3";
			developmentRegion = en;
			hasScannedForEncodings = 0;
			knownRegions = (
				en,
				Base,
			);
			mainGroup = BA86454F21F018A900B84993;
			productRefGroup = BA86455921F018A900B84993 /* Products */;
			projectDirPath = "";
			projectRoot = "";
			targets = (
				BA86455721F018A900B84993 /* ObservableAndTheBind. */,
				BA86456B21F018AA00B84993 /* ObservableAndTheBind.Tests */,
				BA86457621F018AA00B84993 /* ObservableAndTheBind.UITests */,
			);
		};
/* End PBXProject section */

/* Begin PBXResourcesBuildPhase section */
		BA86455621F018A900B84993 /* Resources */ = {
			isa = PBXResourcesBuildPhase;
			buildActionMask = 2147483647;
			files = (
				BA86456621F018AA00B84993 /* LaunchScreen.storyboard in Resources */,
				BA86456321F018AA00B84993 /* Assets.xcassets in Resources */,
				BA86456121F018A900B84993 /* Main.storyboard in Resources */,
			);
			runOnlyForDeploymentPostprocessing = 0;
		};
		BA86456A21F018AA00B84993 /* Resources */ = {
			isa = PBXResourcesBuildPhase;
			buildActionMask = 2147483647;
			files = (
			);
			runOnlyForDeploymentPostprocessing = 0;
		};
		BA86457521F018AA00B84993 /* Resources */ = {
			isa = PBXResourcesBuildPhase;
			buildActionMask = 2147483647;
			files = (
			);
			runOnlyForDeploymentPostprocessing = 0;
		};
/* End PBXResourcesBuildPhase section */

/* Begin PBXShellScriptBuildPhase section */
		270E9B5F2C26FD0CA83AEC1D /* [CP] Embed Pods Frameworks */ = {
			isa = PBXShellScriptBuildPhase;
			buildActionMask = 2147483647;
			files = (
			);
			inputPaths = (
			);
			name = "[CP] Embed Pods Frameworks";
			outputPaths = (
			);
			runOnlyForDeploymentPostprocessing = 0;
			shellPath = /bin/sh;
			shellScript = "\"${SRCROOT}/Pods/Target Support Files/Pods-ObservableAndTheBind.Tests/Pods-ObservableAndTheBind.Tests-frameworks.sh\"\n";
			showEnvVarsInLog = 0;
		};
		3506F306BE1BE566C5AFF8E9 /* [CP] Copy Pods Resources */ = {
			isa = PBXShellScriptBuildPhase;
			buildActionMask = 2147483647;
			files = (
			);
			inputPaths = (
			);
			name = "[CP] Copy Pods Resources";
			outputPaths = (
			);
			runOnlyForDeploymentPostprocessing = 0;
			shellPath = /bin/sh;
			shellScript = "\"${SRCROOT}/Pods/Target Support Files/Pods-ObservableAndTheBind.UITests/Pods-ObservableAndTheBind.UITests-resources.sh\"\n";
			showEnvVarsInLog = 0;
		};
		41578BEA713F6A3A63AE8FFB /* [CP] Check Pods Manifest.lock */ = {
			isa = PBXShellScriptBuildPhase;
			buildActionMask = 2147483647;
			files = (
			);
			inputPaths = (
				"${PODS_PODFILE_DIR_PATH}/Podfile.lock",
				"${PODS_ROOT}/Manifest.lock",
			);
			name = "[CP] Check Pods Manifest.lock";
			outputPaths = (
				"$(DERIVED_FILE_DIR)/Pods-ObservableAndTheBind.UITests-checkManifestLockResult.txt",
			);
			runOnlyForDeploymentPostprocessing = 0;
			shellPath = /bin/sh;
			shellScript = "diff \"${PODS_PODFILE_DIR_PATH}/Podfile.lock\" \"${PODS_ROOT}/Manifest.lock\" > /dev/null\nif [ $? != 0 ] ; then\n    # print error to STDERR\n    echo \"error: The sandbox is not in sync with the Podfile.lock. Run 'pod install' or update your CocoaPods installation.\" >&2\n    exit 1\nfi\n# This output is used by Xcode 'outputs' to avoid re-running this script phase.\necho \"SUCCESS\" > \"${SCRIPT_OUTPUT_FILE_0}\"\n";
			showEnvVarsInLog = 0;
		};
		5311750FB8BC6C16A15CA433 /* [CP] Check Pods Manifest.lock */ = {
			isa = PBXShellScriptBuildPhase;
			buildActionMask = 2147483647;
			files = (
			);
			inputPaths = (
				"${PODS_PODFILE_DIR_PATH}/Podfile.lock",
				"${PODS_ROOT}/Manifest.lock",
			);
			name = "[CP] Check Pods Manifest.lock";
			outputPaths = (
				"$(DERIVED_FILE_DIR)/Pods-ObservableAndTheBind.Tests-checkManifestLockResult.txt",
			);
			runOnlyForDeploymentPostprocessing = 0;
			shellPath = /bin/sh;
			shellScript = "diff \"${PODS_PODFILE_DIR_PATH}/Podfile.lock\" \"${PODS_ROOT}/Manifest.lock\" > /dev/null\nif [ $? != 0 ] ; then\n    # print error to STDERR\n    echo \"error: The sandbox is not in sync with the Podfile.lock. Run 'pod install' or update your CocoaPods installation.\" >&2\n    exit 1\nfi\n# This output is used by Xcode 'outputs' to avoid re-running this script phase.\necho \"SUCCESS\" > \"${SCRIPT_OUTPUT_FILE_0}\"\n";
			showEnvVarsInLog = 0;
		};
		55A18227F63E7F353DC810F8 /* [CP] Embed Pods Frameworks */ = {
			isa = PBXShellScriptBuildPhase;
			buildActionMask = 2147483647;
			files = (
			);
			inputPaths = (
			);
			name = "[CP] Embed Pods Frameworks";
			outputPaths = (
			);
			runOnlyForDeploymentPostprocessing = 0;
			shellPath = /bin/sh;
			shellScript = "\"${SRCROOT}/Pods/Target Support Files/Pods-ObservableAndTheBind.UITests/Pods-ObservableAndTheBind.UITests-frameworks.sh\"\n";
			showEnvVarsInLog = 0;
		};
		753FA8CF246902F640C37043 /* [CP] Embed Pods Frameworks */ = {
			isa = PBXShellScriptBuildPhase;
			buildActionMask = 2147483647;
			files = (
			);
			inputPaths = (
				"${SRCROOT}/Pods/Target Support Files/Pods-ObservableAndTheBind./Pods-ObservableAndTheBind.-frameworks.sh",
				"${BUILT_PRODUCTS_DIR}/ChameleonFramework/ChameleonFramework.framework",
				"${BUILT_PRODUCTS_DIR}/RxAtomic/RxAtomic.framework",
				"${BUILT_PRODUCTS_DIR}/RxCocoa/RxCocoa.framework",
				"${BUILT_PRODUCTS_DIR}/RxSwift/RxSwift.framework",
			);
			name = "[CP] Embed Pods Frameworks";
			outputPaths = (
				"${TARGET_BUILD_DIR}/${FRAMEWORKS_FOLDER_PATH}/ChameleonFramework.framework",
				"${TARGET_BUILD_DIR}/${FRAMEWORKS_FOLDER_PATH}/RxAtomic.framework",
				"${TARGET_BUILD_DIR}/${FRAMEWORKS_FOLDER_PATH}/RxCocoa.framework",
				"${TARGET_BUILD_DIR}/${FRAMEWORKS_FOLDER_PATH}/RxSwift.framework",
			);
			runOnlyForDeploymentPostprocessing = 0;
			shellPath = /bin/sh;
			shellScript = "\"${SRCROOT}/Pods/Target Support Files/Pods-ObservableAndTheBind./Pods-ObservableAndTheBind.-frameworks.sh\"\n";
			showEnvVarsInLog = 0;
		};
		931DFEBD5F383BD18908DCBC /* [CP] Check Pods Manifest.lock */ = {
			isa = PBXShellScriptBuildPhase;
			buildActionMask = 2147483647;
			files = (
			);
			inputPaths = (
				"${PODS_PODFILE_DIR_PATH}/Podfile.lock",
				"${PODS_ROOT}/Manifest.lock",
			);
			name = "[CP] Check Pods Manifest.lock";
			outputPaths = (
				"$(DERIVED_FILE_DIR)/Pods-ObservableAndTheBind.-checkManifestLockResult.txt",
			);
			runOnlyForDeploymentPostprocessing = 0;
			shellPath = /bin/sh;
			shellScript = "diff \"${PODS_PODFILE_DIR_PATH}/Podfile.lock\" \"${PODS_ROOT}/Manifest.lock\" > /dev/null\nif [ $? != 0 ] ; then\n    # print error to STDERR\n    echo \"error: The sandbox is not in sync with the Podfile.lock. Run 'pod install' or update your CocoaPods installation.\" >&2\n    exit 1\nfi\n# This output is used by Xcode 'outputs' to avoid re-running this script phase.\necho \"SUCCESS\" > \"${SCRIPT_OUTPUT_FILE_0}\"\n";
			showEnvVarsInLog = 0;
		};
		C13F53378CF2D17364B1690B /* [CP] Copy Pods Resources */ = {
			isa = PBXShellScriptBuildPhase;
			buildActionMask = 2147483647;
			files = (
			);
			inputPaths = (
			);
			name = "[CP] Copy Pods Resources";
			outputPaths = (
			);
			runOnlyForDeploymentPostprocessing = 0;
			shellPath = /bin/sh;
			shellScript = "\"${SRCROOT}/Pods/Target Support Files/Pods-ObservableAndTheBind.Tests/Pods-ObservableAndTheBind.Tests-resources.sh\"\n";
			showEnvVarsInLog = 0;
		};
		CD0FC2878482BA86E433C0AE /* [CP] Copy Pods Resources */ = {
			isa = PBXShellScriptBuildPhase;
			buildActionMask = 2147483647;
			files = (
			);
			inputPaths = (
			);
			name = "[CP] Copy Pods Resources";
			outputPaths = (
			);
			runOnlyForDeploymentPostprocessing = 0;
			shellPath = /bin/sh;
			shellScript = "\"${SRCROOT}/Pods/Target Support Files/Pods-ObservableAndTheBind./Pods-ObservableAndTheBind.-resources.sh\"\n";
			showEnvVarsInLog = 0;
		};
/* End PBXShellScriptBuildPhase section */

/* Begin PBXSourcesBuildPhase section */
		BA86455421F018A900B84993 /* Sources */ = {
			isa = PBXSourcesBuildPhase;
			buildActionMask = 2147483647;
			files = (
				BA86455E21F018A900B84993 /* ViewController.swift in Sources */,
				BA86455C21F018A900B84993 /* AppDelegate.swift in Sources */,
			);
			runOnlyForDeploymentPostprocessing = 0;
		};
		BA86456821F018AA00B84993 /* Sources */ = {
			isa = PBXSourcesBuildPhase;
			buildActionMask = 2147483647;
			files = (
				BA86457121F018AA00B84993 /* ObservableAndTheBind_Tests.swift in Sources */,
			);
			runOnlyForDeploymentPostprocessing = 0;
		};
		BA86457321F018AA00B84993 /* Sources */ = {
			isa = PBXSourcesBuildPhase;
			buildActionMask = 2147483647;
			files = (
				BA86457C21F018AA00B84993 /* ObservableAndTheBind_UITests.swift in Sources */,
			);
			runOnlyForDeploymentPostprocessing = 0;
		};
/* End PBXSourcesBuildPhase section */

/* Begin PBXTargetDependency section */
		BA86456E21F018AA00B84993 /* PBXTargetDependency */ = {
			isa = PBXTargetDependency;
			target = BA86455721F018A900B84993 /* ObservableAndTheBind. */;
			targetProxy = BA86456D21F018AA00B84993 /* PBXContainerItemProxy */;
		};
		BA86457921F018AA00B84993 /* PBXTargetDependency */ = {
			isa = PBXTargetDependency;
			target = BA86455721F018A900B84993 /* ObservableAndTheBind. */;
			targetProxy = BA86457821F018AA00B84993 /* PBXContainerItemProxy */;
		};
/* End PBXTargetDependency section */

/* Begin PBXVariantGroup section */
		BA86455F21F018A900B84993 /* Main.storyboard */ = {
			isa = PBXVariantGroup;
			children = (
				BA86456021F018A900B84993 /* Base */,
			);
			name = Main.storyboard;
			sourceTree = "<group>";
		};
		BA86456421F018AA00B84993 /* LaunchScreen.storyboard */ = {
			isa = PBXVariantGroup;
			children = (
				BA86456521F018AA00B84993 /* Base */,
			);
			name = LaunchScreen.storyboard;
			sourceTree = "<group>";
		};
/* End PBXVariantGroup section */

/* Begin XCBuildConfiguration section */
		BA86457E21F018AA00B84993 /* Debug */ = {
			isa = XCBuildConfiguration;
			buildSettings = {
				ALWAYS_SEARCH_USER_PATHS = NO;
				CLANG_ANALYZER_NONNULL = YES;
				CLANG_ANALYZER_NUMBER_OBJECT_CONVERSION = YES_AGGRESSIVE;
				CLANG_CXX_LANGUAGE_STANDARD = "gnu++14";
				CLANG_CXX_LIBRARY = "libc++";
				CLANG_ENABLE_MODULES = YES;
				CLANG_ENABLE_OBJC_ARC = YES;
				CLANG_ENABLE_OBJC_WEAK = YES;
				CLANG_WARN_BLOCK_CAPTURE_AUTORELEASING = YES;
				CLANG_WARN_BOOL_CONVERSION = YES;
				CLANG_WARN_COMMA = YES;
				CLANG_WARN_CONSTANT_CONVERSION = YES;
				CLANG_WARN_DEPRECATED_OBJC_IMPLEMENTATIONS = YES;
				CLANG_WARN_DIRECT_OBJC_ISA_USAGE = YES_ERROR;
				CLANG_WARN_DOCUMENTATION_COMMENTS = YES;
				CLANG_WARN_EMPTY_BODY = YES;
				CLANG_WARN_ENUM_CONVERSION = YES;
				CLANG_WARN_INFINITE_RECURSION = YES;
				CLANG_WARN_INT_CONVERSION = YES;
				CLANG_WARN_NON_LITERAL_NULL_CONVERSION = YES;
				CLANG_WARN_OBJC_IMPLICIT_RETAIN_SELF = YES;
				CLANG_WARN_OBJC_LITERAL_CONVERSION = YES;
				CLANG_WARN_OBJC_ROOT_CLASS = YES_ERROR;
				CLANG_WARN_RANGE_LOOP_ANALYSIS = YES;
				CLANG_WARN_STRICT_PROTOTYPES = YES;
				CLANG_WARN_SUSPICIOUS_MOVE = YES;
				CLANG_WARN_UNGUARDED_AVAILABILITY = YES_AGGRESSIVE;
				CLANG_WARN_UNREACHABLE_CODE = YES;
				CLANG_WARN__DUPLICATE_METHOD_MATCH = YES;
				CODE_SIGN_IDENTITY = "iPhone Developer";
				COPY_PHASE_STRIP = NO;
				DEBUG_INFORMATION_FORMAT = dwarf;
				ENABLE_STRICT_OBJC_MSGSEND = YES;
				ENABLE_TESTABILITY = YES;
				GCC_C_LANGUAGE_STANDARD = gnu11;
				GCC_DYNAMIC_NO_PIC = NO;
				GCC_NO_COMMON_BLOCKS = YES;
				GCC_OPTIMIZATION_LEVEL = 0;
				GCC_PREPROCESSOR_DEFINITIONS = (
					"DEBUG=1",
					"$(inherited)",
				);
				GCC_WARN_64_TO_32_BIT_CONVERSION = YES;
				GCC_WARN_ABOUT_RETURN_TYPE = YES_ERROR;
				GCC_WARN_UNDECLARED_SELECTOR = YES;
				GCC_WARN_UNINITIALIZED_AUTOS = YES_AGGRESSIVE;
				GCC_WARN_UNUSED_FUNCTION = YES;
				GCC_WARN_UNUSED_VARIABLE = YES;
				IPHONEOS_DEPLOYMENT_TARGET = 12.1;
				MTL_ENABLE_DEBUG_INFO = INCLUDE_SOURCE;
				MTL_FAST_MATH = YES;
				ONLY_ACTIVE_ARCH = YES;
				SDKROOT = iphoneos;
				SWIFT_ACTIVE_COMPILATION_CONDITIONS = DEBUG;
				SWIFT_OPTIMIZATION_LEVEL = "-Onone";
			};
			name = Debug;
		};
		BA86457F21F018AA00B84993 /* Release */ = {
			isa = XCBuildConfiguration;
			buildSettings = {
				ALWAYS_SEARCH_USER_PATHS = NO;
				CLANG_ANALYZER_NONNULL = YES;
				CLANG_ANALYZER_NUMBER_OBJECT_CONVERSION = YES_AGGRESSIVE;
				CLANG_CXX_LANGUAGE_STANDARD = "gnu++14";
				CLANG_CXX_LIBRARY = "libc++";
				CLANG_ENABLE_MODULES = YES;
				CLANG_ENABLE_OBJC_ARC = YES;
				CLANG_ENABLE_OBJC_WEAK = YES;
				CLANG_WARN_BLOCK_CAPTURE_AUTORELEASING = YES;
				CLANG_WARN_BOOL_CONVERSION = YES;
				CLANG_WARN_COMMA = YES;
				CLANG_WARN_CONSTANT_CONVERSION = YES;
				CLANG_WARN_DEPRECATED_OBJC_IMPLEMENTATIONS = YES;
				CLANG_WARN_DIRECT_OBJC_ISA_USAGE = YES_ERROR;
				CLANG_WARN_DOCUMENTATION_COMMENTS = YES;
				CLANG_WARN_EMPTY_BODY = YES;
				CLANG_WARN_ENUM_CONVERSION = YES;
				CLANG_WARN_INFINITE_RECURSION = YES;
				CLANG_WARN_INT_CONVERSION = YES;
				CLANG_WARN_NON_LITERAL_NULL_CONVERSION = YES;
				CLANG_WARN_OBJC_IMPLICIT_RETAIN_SELF = YES;
				CLANG_WARN_OBJC_LITERAL_CONVERSION = YES;
				CLANG_WARN_OBJC_ROOT_CLASS = YES_ERROR;
				CLANG_WARN_RANGE_LOOP_ANALYSIS = YES;
				CLANG_WARN_STRICT_PROTOTYPES = YES;
				CLANG_WARN_SUSPICIOUS_MOVE = YES;
				CLANG_WARN_UNGUARDED_AVAILABILITY = YES_AGGRESSIVE;
				CLANG_WARN_UNREACHABLE_CODE = YES;
				CLANG_WARN__DUPLICATE_METHOD_MATCH = YES;
				CODE_SIGN_IDENTITY = "iPhone Developer";
				COPY_PHASE_STRIP = NO;
				DEBUG_INFORMATION_FORMAT = "dwarf-with-dsym";
				ENABLE_NS_ASSERTIONS = NO;
				ENABLE_STRICT_OBJC_MSGSEND = YES;
				GCC_C_LANGUAGE_STANDARD = gnu11;
				GCC_NO_COMMON_BLOCKS = YES;
				GCC_WARN_64_TO_32_BIT_CONVERSION = YES;
				GCC_WARN_ABOUT_RETURN_TYPE = YES_ERROR;
				GCC_WARN_UNDECLARED_SELECTOR = YES;
				GCC_WARN_UNINITIALIZED_AUTOS = YES_AGGRESSIVE;
				GCC_WARN_UNUSED_FUNCTION = YES;
				GCC_WARN_UNUSED_VARIABLE = YES;
				IPHONEOS_DEPLOYMENT_TARGET = 12.1;
				MTL_ENABLE_DEBUG_INFO = NO;
				MTL_FAST_MATH = YES;
				SDKROOT = iphoneos;
				SWIFT_COMPILATION_MODE = wholemodule;
				SWIFT_OPTIMIZATION_LEVEL = "-O";
				VALIDATE_PRODUCT = YES;
			};
			name = Release;
		};
		BA86458121F018AA00B84993 /* Debug */ = {
			isa = XCBuildConfiguration;
			baseConfigurationReference = A3150F0746108FB62979C04A /* Pods-ObservableAndTheBind..debug.xcconfig */;
			buildSettings = {
				ASSETCATALOG_COMPILER_APPICON_NAME = AppIcon;
				CODE_SIGN_STYLE = Automatic;
				INFOPLIST_FILE = ObservableAndTheBind./Info.plist;
				LD_RUNPATH_SEARCH_PATHS = "$(inherited) @executable_path/Frameworks";
				PRODUCT_BUNDLE_IDENTIFIER = "com.jhh.ObservableAndTheBind-";
				PRODUCT_NAME = "$(TARGET_NAME)";
				SWIFT_VERSION = 4.2;
				TARGETED_DEVICE_FAMILY = "1,2";
			};
			name = Debug;
		};
		BA86458221F018AA00B84993 /* Release */ = {
			isa = XCBuildConfiguration;
			baseConfigurationReference = A2789108CB967D5B1F4053EF /* Pods-ObservableAndTheBind..release.xcconfig */;
			buildSettings = {
				ASSETCATALOG_COMPILER_APPICON_NAME = AppIcon;
				CODE_SIGN_STYLE = Automatic;
				INFOPLIST_FILE = ObservableAndTheBind./Info.plist;
				LD_RUNPATH_SEARCH_PATHS = "$(inherited) @executable_path/Frameworks";
				PRODUCT_BUNDLE_IDENTIFIER = "com.jhh.ObservableAndTheBind-";
				PRODUCT_NAME = "$(TARGET_NAME)";
				SWIFT_VERSION = 4.2;
				TARGETED_DEVICE_FAMILY = "1,2";
			};
			name = Release;
		};
		BA86458421F018AA00B84993 /* Debug */ = {
			isa = XCBuildConfiguration;
			baseConfigurationReference = 0635A68A18F65236D7F6F594 /* Pods-ObservableAndTheBind.Tests.debug.xcconfig */;
			buildSettings = {
				ALWAYS_EMBED_SWIFT_STANDARD_LIBRARIES = YES;
				BUNDLE_LOADER = "$(TEST_HOST)";
				CODE_SIGN_STYLE = Automatic;
				INFOPLIST_FILE = ObservableAndTheBind.Tests/Info.plist;
				LD_RUNPATH_SEARCH_PATHS = "$(inherited) @executable_path/Frameworks @loader_path/Frameworks";
				PRODUCT_BUNDLE_IDENTIFIER = "com.jhh.ObservableAndTheBind-Tests";
				PRODUCT_NAME = "$(TARGET_NAME)";
				SWIFT_VERSION = 4.2;
				TARGETED_DEVICE_FAMILY = "1,2";
				TEST_HOST = "$(BUILT_PRODUCTS_DIR)/ObservableAndTheBind..app/ObservableAndTheBind.";
			};
			name = Debug;
		};
		BA86458521F018AA00B84993 /* Release */ = {
			isa = XCBuildConfiguration;
			baseConfigurationReference = B14D39E89736E096C199C9DF /* Pods-ObservableAndTheBind.Tests.release.xcconfig */;
			buildSettings = {
				ALWAYS_EMBED_SWIFT_STANDARD_LIBRARIES = YES;
				BUNDLE_LOADER = "$(TEST_HOST)";
				CODE_SIGN_STYLE = Automatic;
				INFOPLIST_FILE = ObservableAndTheBind.Tests/Info.plist;
				LD_RUNPATH_SEARCH_PATHS = "$(inherited) @executable_path/Frameworks @loader_path/Frameworks";
				PRODUCT_BUNDLE_IDENTIFIER = "com.jhh.ObservableAndTheBind-Tests";
				PRODUCT_NAME = "$(TARGET_NAME)";
				SWIFT_VERSION = 4.2;
				TARGETED_DEVICE_FAMILY = "1,2";
				TEST_HOST = "$(BUILT_PRODUCTS_DIR)/ObservableAndTheBind..app/ObservableAndTheBind.";
			};
			name = Release;
		};
		BA86458721F018AA00B84993 /* Debug */ = {
			isa = XCBuildConfiguration;
			baseConfigurationReference = C4C9C876113C05663A541222 /* Pods-ObservableAndTheBind.UITests.debug.xcconfig */;
			buildSettings = {
				ALWAYS_EMBED_SWIFT_STANDARD_LIBRARIES = YES;
				CODE_SIGN_STYLE = Automatic;
				INFOPLIST_FILE = ObservableAndTheBind.UITests/Info.plist;
				LD_RUNPATH_SEARCH_PATHS = "$(inherited) @executable_path/Frameworks @loader_path/Frameworks";
				PRODUCT_BUNDLE_IDENTIFIER = "com.jhh.ObservableAndTheBind-UITests";
				PRODUCT_NAME = "$(TARGET_NAME)";
				SWIFT_VERSION = 4.2;
				TARGETED_DEVICE_FAMILY = "1,2";
				TEST_TARGET_NAME = ObservableAndTheBind.;
			};
			name = Debug;
		};
		BA86458821F018AA00B84993 /* Release */ = {
			isa = XCBuildConfiguration;
			baseConfigurationReference = 4F43738C5AB1DCCD062EA540 /* Pods-ObservableAndTheBind.UITests.release.xcconfig */;
			buildSettings = {
				ALWAYS_EMBED_SWIFT_STANDARD_LIBRARIES = YES;
				CODE_SIGN_STYLE = Automatic;
				INFOPLIST_FILE = ObservableAndTheBind.UITests/Info.plist;
				LD_RUNPATH_SEARCH_PATHS = "$(inherited) @executable_path/Frameworks @loader_path/Frameworks";
				PRODUCT_BUNDLE_IDENTIFIER = "com.jhh.ObservableAndTheBind-UITests";
				PRODUCT_NAME = "$(TARGET_NAME)";
				SWIFT_VERSION = 4.2;
				TARGETED_DEVICE_FAMILY = "1,2";
				TEST_TARGET_NAME = ObservableAndTheBind.;
			};
			name = Release;
		};
/* End XCBuildConfiguration section */

/* Begin XCConfigurationList section */
		BA86455321F018A900B84993 /* Build configuration list for PBXProject "ObservableAndTheBind." */ = {
			isa = XCConfigurationList;
			buildConfigurations = (
				BA86457E21F018AA00B84993 /* Debug */,
				BA86457F21F018AA00B84993 /* Release */,
			);
			defaultConfigurationIsVisible = 0;
			defaultConfigurationName = Release;
		};
		BA86458021F018AA00B84993 /* Build configuration list for PBXNativeTarget "ObservableAndTheBind." */ = {
			isa = XCConfigurationList;
			buildConfigurations = (
				BA86458121F018AA00B84993 /* Debug */,
				BA86458221F018AA00B84993 /* Release */,
			);
			defaultConfigurationIsVisible = 0;
			defaultConfigurationName = Release;
		};
		BA86458321F018AA00B84993 /* Build configuration list for PBXNativeTarget "ObservableAndTheBind.Tests" */ = {
			isa = XCConfigurationList;
			buildConfigurations = (
				BA86458421F018AA00B84993 /* Debug */,
				BA86458521F018AA00B84993 /* Release */,
			);
			defaultConfigurationIsVisible = 0;
			defaultConfigurationName = Release;
		};
		BA86458621F018AA00B84993 /* Build configuration list for PBXNativeTarget "ObservableAndTheBind.UITests" */ = {
			isa = XCConfigurationList;
			buildConfigurations = (
				BA86458721F018AA00B84993 /* Debug */,
				BA86458821F018AA00B84993 /* Release */,
			);
			defaultConfigurationIsVisible = 0;
			defaultConfigurationName = Release;
		};
/* End XCConfigurationList section */
	};
	rootObject = BA86455021F018A900B84993 /* Project object */;
}
