// !$*UTF8*$!
{
	archiveVersion = 1;
	classes = {
	};
	objectVersion = 50;
	objects = {

/* Begin PBXBuildFile section */
		2582A4673493BEAA7D267AA6 /* Pods_Multi_Thread_Network.framework in Frameworks */ = {isa = PBXBuildFile; fileRef = FDD01CADBBB2426EC3D17143 /* Pods_Multi_Thread_Network.framework */; };
		BA3AAAE2220315E200CB5DA4 /* AppDelegate.swift in Sources */ = {isa = PBXBuildFile; fileRef = BA3AAAE1220315E200CB5DA4 /* AppDelegate.swift */; };
		BA3AAAE4220315E200CB5DA4 /* ViewController.swift in Sources */ = {isa = PBXBuildFile; fileRef = BA3AAAE3220315E200CB5DA4 /* ViewController.swift */; };
		BA3AAAE7220315E200CB5DA4 /* Main.storyboard in Resources */ = {isa = PBXBuildFile; fileRef = BA3AAAE5220315E200CB5DA4 /* Main.storyboard */; };
		BA3AAAE9220315E500CB5DA4 /* Assets.xcassets in Resources */ = {isa = PBXBuildFile; fileRef = BA3AAAE8220315E500CB5DA4 /* Assets.xcassets */; };
		BA3AAAEC220315E500CB5DA4 /* LaunchScreen.storyboard in Resources */ = {isa = PBXBuildFile; fileRef = BA3AAAEA220315E500CB5DA4 /* LaunchScreen.storyboard */; };
		BA3AAAF7220315E600CB5DA4 /* Multi_Thread_NetworkTests.swift in Sources */ = {isa = PBXBuildFile; fileRef = BA3AAAF6220315E600CB5DA4 /* Multi_Thread_NetworkTests.swift */; };
		BA3AAB02220315E600CB5DA4 /* Multi_Thread_NetworkUITests.swift in Sources */ = {isa = PBXBuildFile; fileRef = BA3AAB01220315E600CB5DA4 /* Multi_Thread_NetworkUITests.swift */; };
		BA3AAB1122031C5400CB5DA4 /* Repository.swift in Sources */ = {isa = PBXBuildFile; fileRef = BA3AAB1022031C5400CB5DA4 /* Repository.swift */; };
		BA3AAB1322031E6C00CB5DA4 /* RepositoryNetworkModel.swift in Sources */ = {isa = PBXBuildFile; fileRef = BA3AAB1222031E6C00CB5DA4 /* RepositoryNetworkModel.swift */; };
		D2953FEE5C14476D1F6E5D0C /* Pods_Multi_Thread_NetworkUITests.framework in Frameworks */ = {isa = PBXBuildFile; fileRef = A478462B9683B3593DA16651 /* Pods_Multi_Thread_NetworkUITests.framework */; };
		FBAC2E3802B24E6D4F13FECB /* Pods_Multi_Thread_NetworkTests.framework in Frameworks */ = {isa = PBXBuildFile; fileRef = 3E508E990501736B2A046035 /* Pods_Multi_Thread_NetworkTests.framework */; };
/* End PBXBuildFile section */

/* Begin PBXContainerItemProxy section */
		BA3AAAF3220315E600CB5DA4 /* PBXContainerItemProxy */ = {
			isa = PBXContainerItemProxy;
			containerPortal = BA3AAAD6220315E200CB5DA4 /* Project object */;
			proxyType = 1;
			remoteGlobalIDString = BA3AAADD220315E200CB5DA4;
			remoteInfo = "Multi-Thread-Network";
		};
		BA3AAAFE220315E600CB5DA4 /* PBXContainerItemProxy */ = {
			isa = PBXContainerItemProxy;
			containerPortal = BA3AAAD6220315E200CB5DA4 /* Project object */;
			proxyType = 1;
			remoteGlobalIDString = BA3AAADD220315E200CB5DA4;
			remoteInfo = "Multi-Thread-Network";
		};
/* End PBXContainerItemProxy section */

/* Begin PBXFileReference section */
		2A68B8C8EA52D1608DDE9A20 /* Pods-Multi-Thread-Network.release.xcconfig */ = {isa = PBXFileReference; includeInIndex = 1; lastKnownFileType = text.xcconfig; name = "Pods-Multi-Thread-Network.release.xcconfig"; path = "Pods/Target Support Files/Pods-Multi-Thread-Network/Pods-Multi-Thread-Network.release.xcconfig"; sourceTree = "<group>"; };
		3E508E990501736B2A046035 /* Pods_Multi_Thread_NetworkTests.framework */ = {isa = PBXFileReference; explicitFileType = wrapper.framework; includeInIndex = 0; path = Pods_Multi_Thread_NetworkTests.framework; sourceTree = BUILT_PRODUCTS_DIR; };
		41EE6DFA4E98BA532481ADE3 /* Pods-Multi-Thread-Network.debug.xcconfig */ = {isa = PBXFileReference; includeInIndex = 1; lastKnownFileType = text.xcconfig; name = "Pods-Multi-Thread-Network.debug.xcconfig"; path = "Pods/Target Support Files/Pods-Multi-Thread-Network/Pods-Multi-Thread-Network.debug.xcconfig"; sourceTree = "<group>"; };
		6CFE15E25A7D0A86EF90AB99 /* Pods-Multi-Thread-NetworkTests.release.xcconfig */ = {isa = PBXFileReference; includeInIndex = 1; lastKnownFileType = text.xcconfig; name = "Pods-Multi-Thread-NetworkTests.release.xcconfig"; path = "Pods/Target Support Files/Pods-Multi-Thread-NetworkTests/Pods-Multi-Thread-NetworkTests.release.xcconfig"; sourceTree = "<group>"; };
		7D9290EC75564F69B56882DC /* Pods-Multi-Thread-NetworkTests.debug.xcconfig */ = {isa = PBXFileReference; includeInIndex = 1; lastKnownFileType = text.xcconfig; name = "Pods-Multi-Thread-NetworkTests.debug.xcconfig"; path = "Pods/Target Support Files/Pods-Multi-Thread-NetworkTests/Pods-Multi-Thread-NetworkTests.debug.xcconfig"; sourceTree = "<group>"; };
		A478462B9683B3593DA16651 /* Pods_Multi_Thread_NetworkUITests.framework */ = {isa = PBXFileReference; explicitFileType = wrapper.framework; includeInIndex = 0; path = Pods_Multi_Thread_NetworkUITests.framework; sourceTree = BUILT_PRODUCTS_DIR; };
		B80ECB6A33666EF8ED29F6BA /* Pods-Multi-Thread-NetworkUITests.release.xcconfig */ = {isa = PBXFileReference; includeInIndex = 1; lastKnownFileType = text.xcconfig; name = "Pods-Multi-Thread-NetworkUITests.release.xcconfig"; path = "Pods/Target Support Files/Pods-Multi-Thread-NetworkUITests/Pods-Multi-Thread-NetworkUITests.release.xcconfig"; sourceTree = "<group>"; };
		BA3AAADE220315E200CB5DA4 /* Multi-Thread-Network.app */ = {isa = PBXFileReference; explicitFileType = wrapper.application; includeInIndex = 0; path = "Multi-Thread-Network.app"; sourceTree = BUILT_PRODUCTS_DIR; };
		BA3AAAE1220315E200CB5DA4 /* AppDelegate.swift */ = {isa = PBXFileReference; lastKnownFileType = sourcecode.swift; path = AppDelegate.swift; sourceTree = "<group>"; };
		BA3AAAE3220315E200CB5DA4 /* ViewController.swift */ = {isa = PBXFileReference; lastKnownFileType = sourcecode.swift; path = ViewController.swift; sourceTree = "<group>"; };
		BA3AAAE6220315E200CB5DA4 /* Base */ = {isa = PBXFileReference; lastKnownFileType = file.storyboard; name = Base; path = Base.lproj/Main.storyboard; sourceTree = "<group>"; };
		BA3AAAE8220315E500CB5DA4 /* Assets.xcassets */ = {isa = PBXFileReference; lastKnownFileType = folder.assetcatalog; path = Assets.xcassets; sourceTree = "<group>"; };
		BA3AAAEB220315E500CB5DA4 /* Base */ = {isa = PBXFileReference; lastKnownFileType = file.storyboard; name = Base; path = Base.lproj/LaunchScreen.storyboard; sourceTree = "<group>"; };
		BA3AAAED220315E500CB5DA4 /* Info.plist */ = {isa = PBXFileReference; lastKnownFileType = text.plist.xml; path = Info.plist; sourceTree = "<group>"; };
		BA3AAAF2220315E600CB5DA4 /* Multi-Thread-NetworkTests.xctest */ = {isa = PBXFileReference; explicitFileType = wrapper.cfbundle; includeInIndex = 0; path = "Multi-Thread-NetworkTests.xctest"; sourceTree = BUILT_PRODUCTS_DIR; };
		BA3AAAF6220315E600CB5DA4 /* Multi_Thread_NetworkTests.swift */ = {isa = PBXFileReference; lastKnownFileType = sourcecode.swift; path = Multi_Thread_NetworkTests.swift; sourceTree = "<group>"; };
		BA3AAAF8220315E600CB5DA4 /* Info.plist */ = {isa = PBXFileReference; lastKnownFileType = text.plist.xml; path = Info.plist; sourceTree = "<group>"; };
		BA3AAAFD220315E600CB5DA4 /* Multi-Thread-NetworkUITests.xctest */ = {isa = PBXFileReference; explicitFileType = wrapper.cfbundle; includeInIndex = 0; path = "Multi-Thread-NetworkUITests.xctest"; sourceTree = BUILT_PRODUCTS_DIR; };
		BA3AAB01220315E600CB5DA4 /* Multi_Thread_NetworkUITests.swift */ = {isa = PBXFileReference; lastKnownFileType = sourcecode.swift; path = Multi_Thread_NetworkUITests.swift; sourceTree = "<group>"; };
		BA3AAB03220315E600CB5DA4 /* Info.plist */ = {isa = PBXFileReference; lastKnownFileType = text.plist.xml; path = Info.plist; sourceTree = "<group>"; };
		BA3AAB1022031C5400CB5DA4 /* Repository.swift */ = {isa = PBXFileReference; lastKnownFileType = sourcecode.swift; path = Repository.swift; sourceTree = "<group>"; };
		BA3AAB1222031E6C00CB5DA4 /* RepositoryNetworkModel.swift */ = {isa = PBXFileReference; lastKnownFileType = sourcecode.swift; path = RepositoryNetworkModel.swift; sourceTree = "<group>"; };
		F810C79D4965E385528F1982 /* Pods-Multi-Thread-NetworkUITests.debug.xcconfig */ = {isa = PBXFileReference; includeInIndex = 1; lastKnownFileType = text.xcconfig; name = "Pods-Multi-Thread-NetworkUITests.debug.xcconfig"; path = "Pods/Target Support Files/Pods-Multi-Thread-NetworkUITests/Pods-Multi-Thread-NetworkUITests.debug.xcconfig"; sourceTree = "<group>"; };
		FDD01CADBBB2426EC3D17143 /* Pods_Multi_Thread_Network.framework */ = {isa = PBXFileReference; explicitFileType = wrapper.framework; includeInIndex = 0; path = Pods_Multi_Thread_Network.framework; sourceTree = BUILT_PRODUCTS_DIR; };
/* End PBXFileReference section */

/* Begin PBXFrameworksBuildPhase section */
		BA3AAADB220315E200CB5DA4 /* Frameworks */ = {
			isa = PBXFrameworksBuildPhase;
			buildActionMask = 2147483647;
			files = (
				2582A4673493BEAA7D267AA6 /* Pods_Multi_Thread_Network.framework in Frameworks */,
			);
			runOnlyForDeploymentPostprocessing = 0;
		};
		BA3AAAEF220315E600CB5DA4 /* Frameworks */ = {
			isa = PBXFrameworksBuildPhase;
			buildActionMask = 2147483647;
			files = (
				FBAC2E3802B24E6D4F13FECB /* Pods_Multi_Thread_NetworkTests.framework in Frameworks */,
			);
			runOnlyForDeploymentPostprocessing = 0;
		};
		BA3AAAFA220315E600CB5DA4 /* Frameworks */ = {
			isa = PBXFrameworksBuildPhase;
			buildActionMask = 2147483647;
			files = (
				D2953FEE5C14476D1F6E5D0C /* Pods_Multi_Thread_NetworkUITests.framework in Frameworks */,
			);
			runOnlyForDeploymentPostprocessing = 0;
		};
/* End PBXFrameworksBuildPhase section */

/* Begin PBXGroup section */
		280850C81437F0CF2BBB5B3D /* Frameworks */ = {
			isa = PBXGroup;
			children = (
				FDD01CADBBB2426EC3D17143 /* Pods_Multi_Thread_Network.framework */,
				3E508E990501736B2A046035 /* Pods_Multi_Thread_NetworkTests.framework */,
				A478462B9683B3593DA16651 /* Pods_Multi_Thread_NetworkUITests.framework */,
			);
			name = Frameworks;
			sourceTree = "<group>";
		};
		BA3AAAD5220315E200CB5DA4 = {
			isa = PBXGroup;
			children = (
				BA3AAAE0220315E200CB5DA4 /* Multi-Thread-Network */,
				BA3AAAF5220315E600CB5DA4 /* Multi-Thread-NetworkTests */,
				BA3AAB00220315E600CB5DA4 /* Multi-Thread-NetworkUITests */,
				BA3AAADF220315E200CB5DA4 /* Products */,
				C4CD1BD54F704218D6274714 /* Pods */,
				280850C81437F0CF2BBB5B3D /* Frameworks */,
			);
			sourceTree = "<group>";
		};
		BA3AAADF220315E200CB5DA4 /* Products */ = {
			isa = PBXGroup;
			children = (
				BA3AAADE220315E200CB5DA4 /* Multi-Thread-Network.app */,
				BA3AAAF2220315E600CB5DA4 /* Multi-Thread-NetworkTests.xctest */,
				BA3AAAFD220315E600CB5DA4 /* Multi-Thread-NetworkUITests.xctest */,
			);
			name = Products;
			sourceTree = "<group>";
		};
		BA3AAAE0220315E200CB5DA4 /* Multi-Thread-Network */ = {
			isa = PBXGroup;
			children = (
				BA3AAAE1220315E200CB5DA4 /* AppDelegate.swift */,
				BA3AAAE3220315E200CB5DA4 /* ViewController.swift */,
				BA3AAB0F22031C4400CB5DA4 /* Model */,
				BA3AAAE5220315E200CB5DA4 /* Main.storyboard */,
				BA3AAAE8220315E500CB5DA4 /* Assets.xcassets */,
				BA3AAAEA220315E500CB5DA4 /* LaunchScreen.storyboard */,
				BA3AAAED220315E500CB5DA4 /* Info.plist */,
			);
			path = "Multi-Thread-Network";
			sourceTree = "<group>";
		};
		BA3AAAF5220315E600CB5DA4 /* Multi-Thread-NetworkTests */ = {
			isa = PBXGroup;
			children = (
				BA3AAAF6220315E600CB5DA4 /* Multi_Thread_NetworkTests.swift */,
				BA3AAAF8220315E600CB5DA4 /* Info.plist */,
			);
			path = "Multi-Thread-NetworkTests";
			sourceTree = "<group>";
		};
		BA3AAB00220315E600CB5DA4 /* Multi-Thread-NetworkUITests */ = {
			isa = PBXGroup;
			children = (
				BA3AAB01220315E600CB5DA4 /* Multi_Thread_NetworkUITests.swift */,
				BA3AAB03220315E600CB5DA4 /* Info.plist */,
			);
			path = "Multi-Thread-NetworkUITests";
			sourceTree = "<group>";
		};
		BA3AAB0F22031C4400CB5DA4 /* Model */ = {
			isa = PBXGroup;
			children = (
				BA3AAB1022031C5400CB5DA4 /* Repository.swift */,
				BA3AAB1222031E6C00CB5DA4 /* RepositoryNetworkModel.swift */,
			);
			path = Model;
			sourceTree = "<group>";
		};
		C4CD1BD54F704218D6274714 /* Pods */ = {
			isa = PBXGroup;
			children = (
				41EE6DFA4E98BA532481ADE3 /* Pods-Multi-Thread-Network.debug.xcconfig */,
				2A68B8C8EA52D1608DDE9A20 /* Pods-Multi-Thread-Network.release.xcconfig */,
				7D9290EC75564F69B56882DC /* Pods-Multi-Thread-NetworkTests.debug.xcconfig */,
				6CFE15E25A7D0A86EF90AB99 /* Pods-Multi-Thread-NetworkTests.release.xcconfig */,
				F810C79D4965E385528F1982 /* Pods-Multi-Thread-NetworkUITests.debug.xcconfig */,
				B80ECB6A33666EF8ED29F6BA /* Pods-Multi-Thread-NetworkUITests.release.xcconfig */,
			);
			name = Pods;
			sourceTree = "<group>";
		};
/* End PBXGroup section */

/* Begin PBXNativeTarget section */
		BA3AAADD220315E200CB5DA4 /* Multi-Thread-Network */ = {
			isa = PBXNativeTarget;
			buildConfigurationList = BA3AAB06220315E600CB5DA4 /* Build configuration list for PBXNativeTarget "Multi-Thread-Network" */;
			buildPhases = (
				666DDA3E75C6CD80C4E27C66 /* [CP] Check Pods Manifest.lock */,
				BA3AAADA220315E200CB5DA4 /* Sources */,
				BA3AAADB220315E200CB5DA4 /* Frameworks */,
				BA3AAADC220315E200CB5DA4 /* Resources */,
				B0FBB40AF88AB3C2B65113E8 /* [CP] Embed Pods Frameworks */,
				FC4976B0DBA366D413F0179D /* [CP] Copy Pods Resources */,
			);
			buildRules = (
			);
			dependencies = (
			);
			name = "Multi-Thread-Network";
			productName = "Multi-Thread-Network";
			productReference = BA3AAADE220315E200CB5DA4 /* Multi-Thread-Network.app */;
			productType = "com.apple.product-type.application";
		};
		BA3AAAF1220315E600CB5DA4 /* Multi-Thread-NetworkTests */ = {
			isa = PBXNativeTarget;
			buildConfigurationList = BA3AAB09220315E600CB5DA4 /* Build configuration list for PBXNativeTarget "Multi-Thread-NetworkTests" */;
			buildPhases = (
				65B5EDCBBF8DEF032BCE1C6F /* [CP] Check Pods Manifest.lock */,
				BA3AAAEE220315E600CB5DA4 /* Sources */,
				BA3AAAEF220315E600CB5DA4 /* Frameworks */,
				BA3AAAF0220315E600CB5DA4 /* Resources */,
				AE84CEDC215FFABEB5530345 /* [CP] Embed Pods Frameworks */,
				45AE296B4C745573BCB8E6F6 /* [CP] Copy Pods Resources */,
			);
			buildRules = (
			);
			dependencies = (
				BA3AAAF4220315E600CB5DA4 /* PBXTargetDependency */,
			);
			name = "Multi-Thread-NetworkTests";
			productName = "Multi-Thread-NetworkTests";
			productReference = BA3AAAF2220315E600CB5DA4 /* Multi-Thread-NetworkTests.xctest */;
			productType = "com.apple.product-type.bundle.unit-test";
		};
		BA3AAAFC220315E600CB5DA4 /* Multi-Thread-NetworkUITests */ = {
			isa = PBXNativeTarget;
			buildConfigurationList = BA3AAB0C220315E600CB5DA4 /* Build configuration list for PBXNativeTarget "Multi-Thread-NetworkUITests" */;
			buildPhases = (
				69AC9E433B57F722C9669D2C /* [CP] Check Pods Manifest.lock */,
				BA3AAAF9220315E600CB5DA4 /* Sources */,
				BA3AAAFA220315E600CB5DA4 /* Frameworks */,
				BA3AAAFB220315E600CB5DA4 /* Resources */,
				F4BC8006507062B845F0CA87 /* [CP] Embed Pods Frameworks */,
				A9912028F01D5AFD8CBA1892 /* [CP] Copy Pods Resources */,
			);
			buildRules = (
			);
			dependencies = (
				BA3AAAFF220315E600CB5DA4 /* PBXTargetDependency */,
			);
			name = "Multi-Thread-NetworkUITests";
			productName = "Multi-Thread-NetworkUITests";
			productReference = BA3AAAFD220315E600CB5DA4 /* Multi-Thread-NetworkUITests.xctest */;
			productType = "com.apple.product-type.bundle.ui-testing";
		};
/* End PBXNativeTarget section */

/* Begin PBXProject section */
		BA3AAAD6220315E200CB5DA4 /* Project object */ = {
			isa = PBXProject;
			attributes = {
				LastSwiftUpdateCheck = 1010;
				LastUpgradeCheck = 1010;
				ORGANIZATIONNAME = JHH;
				TargetAttributes = {
					BA3AAADD220315E200CB5DA4 = {
						CreatedOnToolsVersion = 10.1;
					};
					BA3AAAF1220315E600CB5DA4 = {
						CreatedOnToolsVersion = 10.1;
						TestTargetID = BA3AAADD220315E200CB5DA4;
					};
					BA3AAAFC220315E600CB5DA4 = {
						CreatedOnToolsVersion = 10.1;
						TestTargetID = BA3AAADD220315E200CB5DA4;
					};
				};
			};
			buildConfigurationList = BA3AAAD9220315E200CB5DA4 /* Build configuration list for PBXProject "Multi-Thread-Network" */;
			compatibilityVersion = "Xcode 9.3";
			developmentRegion = en;
			hasScannedForEncodings = 0;
			knownRegions = (
				en,
				Base,
			);
			mainGroup = BA3AAAD5220315E200CB5DA4;
			productRefGroup = BA3AAADF220315E200CB5DA4 /* Products */;
			projectDirPath = "";
			projectRoot = "";
			targets = (
				BA3AAADD220315E200CB5DA4 /* Multi-Thread-Network */,
				BA3AAAF1220315E600CB5DA4 /* Multi-Thread-NetworkTests */,
				BA3AAAFC220315E600CB5DA4 /* Multi-Thread-NetworkUITests */,
			);
		};
/* End PBXProject section */

/* Begin PBXResourcesBuildPhase section */
		BA3AAADC220315E200CB5DA4 /* Resources */ = {
			isa = PBXResourcesBuildPhase;
			buildActionMask = 2147483647;
			files = (
				BA3AAAEC220315E500CB5DA4 /* LaunchScreen.storyboard in Resources */,
				BA3AAAE9220315E500CB5DA4 /* Assets.xcassets in Resources */,
				BA3AAAE7220315E200CB5DA4 /* Main.storyboard in Resources */,
			);
			runOnlyForDeploymentPostprocessing = 0;
		};
		BA3AAAF0220315E600CB5DA4 /* Resources */ = {
			isa = PBXResourcesBuildPhase;
			buildActionMask = 2147483647;
			files = (
			);
			runOnlyForDeploymentPostprocessing = 0;
		};
		BA3AAAFB220315E600CB5DA4 /* Resources */ = {
			isa = PBXResourcesBuildPhase;
			buildActionMask = 2147483647;
			files = (
			);
			runOnlyForDeploymentPostprocessing = 0;
		};
/* End PBXResourcesBuildPhase section */

/* Begin PBXShellScriptBuildPhase section */
		45AE296B4C745573BCB8E6F6 /* [CP] Copy Pods Resources */ = {
			isa = PBXShellScriptBuildPhase;
			buildActionMask = 2147483647;
			files = (
			);
			inputPaths = (
			);
			name = "[CP] Copy Pods Resources";
			outputPaths = (
			);
			runOnlyForDeploymentPostprocessing = 0;
			shellPath = /bin/sh;
			shellScript = "\"${SRCROOT}/Pods/Target Support Files/Pods-Multi-Thread-NetworkTests/Pods-Multi-Thread-NetworkTests-resources.sh\"\n";
			showEnvVarsInLog = 0;
		};
		65B5EDCBBF8DEF032BCE1C6F /* [CP] Check Pods Manifest.lock */ = {
			isa = PBXShellScriptBuildPhase;
			buildActionMask = 2147483647;
			files = (
			);
			inputPaths = (
				"${PODS_PODFILE_DIR_PATH}/Podfile.lock",
				"${PODS_ROOT}/Manifest.lock",
			);
			name = "[CP] Check Pods Manifest.lock";
			outputPaths = (
				"$(DERIVED_FILE_DIR)/Pods-Multi-Thread-NetworkTests-checkManifestLockResult.txt",
			);
			runOnlyForDeploymentPostprocessing = 0;
			shellPath = /bin/sh;
			shellScript = "diff \"${PODS_PODFILE_DIR_PATH}/Podfile.lock\" \"${PODS_ROOT}/Manifest.lock\" > /dev/null\nif [ $? != 0 ] ; then\n    # print error to STDERR\n    echo \"error: The sandbox is not in sync with the Podfile.lock. Run 'pod install' or update your CocoaPods installation.\" >&2\n    exit 1\nfi\n# This output is used by Xcode 'outputs' to avoid re-running this script phase.\necho \"SUCCESS\" > \"${SCRIPT_OUTPUT_FILE_0}\"\n";
			showEnvVarsInLog = 0;
		};
		666DDA3E75C6CD80C4E27C66 /* [CP] Check Pods Manifest.lock */ = {
			isa = PBXShellScriptBuildPhase;
			buildActionMask = 2147483647;
			files = (
			);
			inputPaths = (
				"${PODS_PODFILE_DIR_PATH}/Podfile.lock",
				"${PODS_ROOT}/Manifest.lock",
			);
			name = "[CP] Check Pods Manifest.lock";
			outputPaths = (
				"$(DERIVED_FILE_DIR)/Pods-Multi-Thread-Network-checkManifestLockResult.txt",
			);
			runOnlyForDeploymentPostprocessing = 0;
			shellPath = /bin/sh;
			shellScript = "diff \"${PODS_PODFILE_DIR_PATH}/Podfile.lock\" \"${PODS_ROOT}/Manifest.lock\" > /dev/null\nif [ $? != 0 ] ; then\n    # print error to STDERR\n    echo \"error: The sandbox is not in sync with the Podfile.lock. Run 'pod install' or update your CocoaPods installation.\" >&2\n    exit 1\nfi\n# This output is used by Xcode 'outputs' to avoid re-running this script phase.\necho \"SUCCESS\" > \"${SCRIPT_OUTPUT_FILE_0}\"\n";
			showEnvVarsInLog = 0;
		};
		69AC9E433B57F722C9669D2C /* [CP] Check Pods Manifest.lock */ = {
			isa = PBXShellScriptBuildPhase;
			buildActionMask = 2147483647;
			files = (
			);
			inputPaths = (
				"${PODS_PODFILE_DIR_PATH}/Podfile.lock",
				"${PODS_ROOT}/Manifest.lock",
			);
			name = "[CP] Check Pods Manifest.lock";
			outputPaths = (
				"$(DERIVED_FILE_DIR)/Pods-Multi-Thread-NetworkUITests-checkManifestLockResult.txt",
			);
			runOnlyForDeploymentPostprocessing = 0;
			shellPath = /bin/sh;
			shellScript = "diff \"${PODS_PODFILE_DIR_PATH}/Podfile.lock\" \"${PODS_ROOT}/Manifest.lock\" > /dev/null\nif [ $? != 0 ] ; then\n    # print error to STDERR\n    echo \"error: The sandbox is not in sync with the Podfile.lock. Run 'pod install' or update your CocoaPods installation.\" >&2\n    exit 1\nfi\n# This output is used by Xcode 'outputs' to avoid re-running this script phase.\necho \"SUCCESS\" > \"${SCRIPT_OUTPUT_FILE_0}\"\n";
			showEnvVarsInLog = 0;
		};
		A9912028F01D5AFD8CBA1892 /* [CP] Copy Pods Resources */ = {
			isa = PBXShellScriptBuildPhase;
			buildActionMask = 2147483647;
			files = (
			);
			inputPaths = (
			);
			name = "[CP] Copy Pods Resources";
			outputPaths = (
			);
			runOnlyForDeploymentPostprocessing = 0;
			shellPath = /bin/sh;
			shellScript = "\"${SRCROOT}/Pods/Target Support Files/Pods-Multi-Thread-NetworkUITests/Pods-Multi-Thread-NetworkUITests-resources.sh\"\n";
			showEnvVarsInLog = 0;
		};
		AE84CEDC215FFABEB5530345 /* [CP] Embed Pods Frameworks */ = {
			isa = PBXShellScriptBuildPhase;
			buildActionMask = 2147483647;
			files = (
			);
			inputPaths = (
			);
			name = "[CP] Embed Pods Frameworks";
			outputPaths = (
			);
			runOnlyForDeploymentPostprocessing = 0;
			shellPath = /bin/sh;
			shellScript = "\"${SRCROOT}/Pods/Target Support Files/Pods-Multi-Thread-NetworkTests/Pods-Multi-Thread-NetworkTests-frameworks.sh\"\n";
			showEnvVarsInLog = 0;
		};
		B0FBB40AF88AB3C2B65113E8 /* [CP] Embed Pods Frameworks */ = {
			isa = PBXShellScriptBuildPhase;
			buildActionMask = 2147483647;
			files = (
			);
			inputPaths = (
				"${SRCROOT}/Pods/Target Support Files/Pods-Multi-Thread-Network/Pods-Multi-Thread-Network-frameworks.sh",
				"${BUILT_PRODUCTS_DIR}/Alamofire/Alamofire.framework",
				"${BUILT_PRODUCTS_DIR}/ObjectMapper/ObjectMapper.framework",
				"${BUILT_PRODUCTS_DIR}/RxAtomic/RxAtomic.framework",
				"${BUILT_PRODUCTS_DIR}/RxCocoa/RxCocoa.framework",
				"${BUILT_PRODUCTS_DIR}/RxSwift/RxSwift.framework",
			);
			name = "[CP] Embed Pods Frameworks";
			outputPaths = (
				"${TARGET_BUILD_DIR}/${FRAMEWORKS_FOLDER_PATH}/Alamofire.framework",
				"${TARGET_BUILD_DIR}/${FRAMEWORKS_FOLDER_PATH}/ObjectMapper.framework",
				"${TARGET_BUILD_DIR}/${FRAMEWORKS_FOLDER_PATH}/RxAtomic.framework",
				"${TARGET_BUILD_DIR}/${FRAMEWORKS_FOLDER_PATH}/RxCocoa.framework",
				"${TARGET_BUILD_DIR}/${FRAMEWORKS_FOLDER_PATH}/RxSwift.framework",
			);
			runOnlyForDeploymentPostprocessing = 0;
			shellPath = /bin/sh;
			shellScript = "\"${SRCROOT}/Pods/Target Support Files/Pods-Multi-Thread-Network/Pods-Multi-Thread-Network-frameworks.sh\"\n";
			showEnvVarsInLog = 0;
		};
		F4BC8006507062B845F0CA87 /* [CP] Embed Pods Frameworks */ = {
			isa = PBXShellScriptBuildPhase;
			buildActionMask = 2147483647;
			files = (
			);
			inputPaths = (
			);
			name = "[CP] Embed Pods Frameworks";
			outputPaths = (
			);
			runOnlyForDeploymentPostprocessing = 0;
			shellPath = /bin/sh;
			shellScript = "\"${SRCROOT}/Pods/Target Support Files/Pods-Multi-Thread-NetworkUITests/Pods-Multi-Thread-NetworkUITests-frameworks.sh\"\n";
			showEnvVarsInLog = 0;
		};
		FC4976B0DBA366D413F0179D /* [CP] Copy Pods Resources */ = {
			isa = PBXShellScriptBuildPhase;
			buildActionMask = 2147483647;
			files = (
			);
			inputPaths = (
			);
			name = "[CP] Copy Pods Resources";
			outputPaths = (
			);
			runOnlyForDeploymentPostprocessing = 0;
			shellPath = /bin/sh;
			shellScript = "\"${SRCROOT}/Pods/Target Support Files/Pods-Multi-Thread-Network/Pods-Multi-Thread-Network-resources.sh\"\n";
			showEnvVarsInLog = 0;
		};
/* End PBXShellScriptBuildPhase section */

/* Begin PBXSourcesBuildPhase section */
		BA3AAADA220315E200CB5DA4 /* Sources */ = {
			isa = PBXSourcesBuildPhase;
			buildActionMask = 2147483647;
			files = (
				BA3AAAE4220315E200CB5DA4 /* ViewController.swift in Sources */,
				BA3AAAE2220315E200CB5DA4 /* AppDelegate.swift in Sources */,
				BA3AAB1322031E6C00CB5DA4 /* RepositoryNetworkModel.swift in Sources */,
				BA3AAB1122031C5400CB5DA4 /* Repository.swift in Sources */,
			);
			runOnlyForDeploymentPostprocessing = 0;
		};
		BA3AAAEE220315E600CB5DA4 /* Sources */ = {
			isa = PBXSourcesBuildPhase;
			buildActionMask = 2147483647;
			files = (
				BA3AAAF7220315E600CB5DA4 /* Multi_Thread_NetworkTests.swift in Sources */,
			);
			runOnlyForDeploymentPostprocessing = 0;
		};
		BA3AAAF9220315E600CB5DA4 /* Sources */ = {
			isa = PBXSourcesBuildPhase;
			buildActionMask = 2147483647;
			files = (
				BA3AAB02220315E600CB5DA4 /* Multi_Thread_NetworkUITests.swift in Sources */,
			);
			runOnlyForDeploymentPostprocessing = 0;
		};
/* End PBXSourcesBuildPhase section */

/* Begin PBXTargetDependency section */
		BA3AAAF4220315E600CB5DA4 /* PBXTargetDependency */ = {
			isa = PBXTargetDependency;
			target = BA3AAADD220315E200CB5DA4 /* Multi-Thread-Network */;
			targetProxy = BA3AAAF3220315E600CB5DA4 /* PBXContainerItemProxy */;
		};
		BA3AAAFF220315E600CB5DA4 /* PBXTargetDependency */ = {
			isa = PBXTargetDependency;
			target = BA3AAADD220315E200CB5DA4 /* Multi-Thread-Network */;
			targetProxy = BA3AAAFE220315E600CB5DA4 /* PBXContainerItemProxy */;
		};
/* End PBXTargetDependency section */

/* Begin PBXVariantGroup section */
		BA3AAAE5220315E200CB5DA4 /* Main.storyboard */ = {
			isa = PBXVariantGroup;
			children = (
				BA3AAAE6220315E200CB5DA4 /* Base */,
			);
			name = Main.storyboard;
			sourceTree = "<group>";
		};
		BA3AAAEA220315E500CB5DA4 /* LaunchScreen.storyboard */ = {
			isa = PBXVariantGroup;
			children = (
				BA3AAAEB220315E500CB5DA4 /* Base */,
			);
			name = LaunchScreen.storyboard;
			sourceTree = "<group>";
		};
/* End PBXVariantGroup section */

/* Begin XCBuildConfiguration section */
		BA3AAB04220315E600CB5DA4 /* Debug */ = {
			isa = XCBuildConfiguration;
			buildSettings = {
				ALWAYS_SEARCH_USER_PATHS = NO;
				CLANG_ANALYZER_NONNULL = YES;
				CLANG_ANALYZER_NUMBER_OBJECT_CONVERSION = YES_AGGRESSIVE;
				CLANG_CXX_LANGUAGE_STANDARD = "gnu++14";
				CLANG_CXX_LIBRARY = "libc++";
				CLANG_ENABLE_MODULES = YES;
				CLANG_ENABLE_OBJC_ARC = YES;
				CLANG_ENABLE_OBJC_WEAK = YES;
				CLANG_WARN_BLOCK_CAPTURE_AUTORELEASING = YES;
				CLANG_WARN_BOOL_CONVERSION = YES;
				CLANG_WARN_COMMA = YES;
				CLANG_WARN_CONSTANT_CONVERSION = YES;
				CLANG_WARN_DEPRECATED_OBJC_IMPLEMENTATIONS = YES;
				CLANG_WARN_DIRECT_OBJC_ISA_USAGE = YES_ERROR;
				CLANG_WARN_DOCUMENTATION_COMMENTS = YES;
				CLANG_WARN_EMPTY_BODY = YES;
				CLANG_WARN_ENUM_CONVERSION = YES;
				CLANG_WARN_INFINITE_RECURSION = YES;
				CLANG_WARN_INT_CONVERSION = YES;
				CLANG_WARN_NON_LITERAL_NULL_CONVERSION = YES;
				CLANG_WARN_OBJC_IMPLICIT_RETAIN_SELF = YES;
				CLANG_WARN_OBJC_LITERAL_CONVERSION = YES;
				CLANG_WARN_OBJC_ROOT_CLASS = YES_ERROR;
				CLANG_WARN_RANGE_LOOP_ANALYSIS = YES;
				CLANG_WARN_STRICT_PROTOTYPES = YES;
				CLANG_WARN_SUSPICIOUS_MOVE = YES;
				CLANG_WARN_UNGUARDED_AVAILABILITY = YES_AGGRESSIVE;
				CLANG_WARN_UNREACHABLE_CODE = YES;
				CLANG_WARN__DUPLICATE_METHOD_MATCH = YES;
				CODE_SIGN_IDENTITY = "iPhone Developer";
				COPY_PHASE_STRIP = NO;
				DEBUG_INFORMATION_FORMAT = dwarf;
				ENABLE_STRICT_OBJC_MSGSEND = YES;
				ENABLE_TESTABILITY = YES;
				GCC_C_LANGUAGE_STANDARD = gnu11;
				GCC_DYNAMIC_NO_PIC = NO;
				GCC_NO_COMMON_BLOCKS = YES;
				GCC_OPTIMIZATION_LEVEL = 0;
				GCC_PREPROCESSOR_DEFINITIONS = (
					"DEBUG=1",
					"$(inherited)",
				);
				GCC_WARN_64_TO_32_BIT_CONVERSION = YES;
				GCC_WARN_ABOUT_RETURN_TYPE = YES_ERROR;
				GCC_WARN_UNDECLARED_SELECTOR = YES;
				GCC_WARN_UNINITIALIZED_AUTOS = YES_AGGRESSIVE;
				GCC_WARN_UNUSED_FUNCTION = YES;
				GCC_WARN_UNUSED_VARIABLE = YES;
				IPHONEOS_DEPLOYMENT_TARGET = 12.1;
				MTL_ENABLE_DEBUG_INFO = INCLUDE_SOURCE;
				MTL_FAST_MATH = YES;
				ONLY_ACTIVE_ARCH = YES;
				SDKROOT = iphoneos;
				SWIFT_ACTIVE_COMPILATION_CONDITIONS = DEBUG;
				SWIFT_OPTIMIZATION_LEVEL = "-Onone";
			};
			name = Debug;
		};
		BA3AAB05220315E600CB5DA4 /* Release */ = {
			isa = XCBuildConfiguration;
			buildSettings = {
				ALWAYS_SEARCH_USER_PATHS = NO;
				CLANG_ANALYZER_NONNULL = YES;
				CLANG_ANALYZER_NUMBER_OBJECT_CONVERSION = YES_AGGRESSIVE;
				CLANG_CXX_LANGUAGE_STANDARD = "gnu++14";
				CLANG_CXX_LIBRARY = "libc++";
				CLANG_ENABLE_MODULES = YES;
				CLANG_ENABLE_OBJC_ARC = YES;
				CLANG_ENABLE_OBJC_WEAK = YES;
				CLANG_WARN_BLOCK_CAPTURE_AUTORELEASING = YES;
				CLANG_WARN_BOOL_CONVERSION = YES;
				CLANG_WARN_COMMA = YES;
				CLANG_WARN_CONSTANT_CONVERSION = YES;
				CLANG_WARN_DEPRECATED_OBJC_IMPLEMENTATIONS = YES;
				CLANG_WARN_DIRECT_OBJC_ISA_USAGE = YES_ERROR;
				CLANG_WARN_DOCUMENTATION_COMMENTS = YES;
				CLANG_WARN_EMPTY_BODY = YES;
				CLANG_WARN_ENUM_CONVERSION = YES;
				CLANG_WARN_INFINITE_RECURSION = YES;
				CLANG_WARN_INT_CONVERSION = YES;
				CLANG_WARN_NON_LITERAL_NULL_CONVERSION = YES;
				CLANG_WARN_OBJC_IMPLICIT_RETAIN_SELF = YES;
				CLANG_WARN_OBJC_LITERAL_CONVERSION = YES;
				CLANG_WARN_OBJC_ROOT_CLASS = YES_ERROR;
				CLANG_WARN_RANGE_LOOP_ANALYSIS = YES;
				CLANG_WARN_STRICT_PROTOTYPES = YES;
				CLANG_WARN_SUSPICIOUS_MOVE = YES;
				CLANG_WARN_UNGUARDED_AVAILABILITY = YES_AGGRESSIVE;
				CLANG_WARN_UNREACHABLE_CODE = YES;
				CLANG_WARN__DUPLICATE_METHOD_MATCH = YES;
				CODE_SIGN_IDENTITY = "iPhone Developer";
				COPY_PHASE_STRIP = NO;
				DEBUG_INFORMATION_FORMAT = "dwarf-with-dsym";
				ENABLE_NS_ASSERTIONS = NO;
				ENABLE_STRICT_OBJC_MSGSEND = YES;
				GCC_C_LANGUAGE_STANDARD = gnu11;
				GCC_NO_COMMON_BLOCKS = YES;
				GCC_WARN_64_TO_32_BIT_CONVERSION = YES;
				GCC_WARN_ABOUT_RETURN_TYPE = YES_ERROR;
				GCC_WARN_UNDECLARED_SELECTOR = YES;
				GCC_WARN_UNINITIALIZED_AUTOS = YES_AGGRESSIVE;
				GCC_WARN_UNUSED_FUNCTION = YES;
				GCC_WARN_UNUSED_VARIABLE = YES;
				IPHONEOS_DEPLOYMENT_TARGET = 12.1;
				MTL_ENABLE_DEBUG_INFO = NO;
				MTL_FAST_MATH = YES;
				SDKROOT = iphoneos;
				SWIFT_COMPILATION_MODE = wholemodule;
				SWIFT_OPTIMIZATION_LEVEL = "-O";
				VALIDATE_PRODUCT = YES;
			};
			name = Release;
		};
		BA3AAB07220315E600CB5DA4 /* Debug */ = {
			isa = XCBuildConfiguration;
			baseConfigurationReference = 41EE6DFA4E98BA532481ADE3 /* Pods-Multi-Thread-Network.debug.xcconfig */;
			buildSettings = {
				ASSETCATALOG_COMPILER_APPICON_NAME = AppIcon;
				CODE_SIGN_STYLE = Automatic;
				INFOPLIST_FILE = "Multi-Thread-Network/Info.plist";
				LD_RUNPATH_SEARCH_PATHS = (
					"$(inherited)",
					"@executable_path/Frameworks",
				);
				PRODUCT_BUNDLE_IDENTIFIER = "com.jhh.Multi-Thread-Network";
				PRODUCT_NAME = "$(TARGET_NAME)";
				SWIFT_VERSION = 4.2;
				TARGETED_DEVICE_FAMILY = "1,2";
			};
			name = Debug;
		};
		BA3AAB08220315E600CB5DA4 /* Release */ = {
			isa = XCBuildConfiguration;
			baseConfigurationReference = 2A68B8C8EA52D1608DDE9A20 /* Pods-Multi-Thread-Network.release.xcconfig */;
			buildSettings = {
				ASSETCATALOG_COMPILER_APPICON_NAME = AppIcon;
				CODE_SIGN_STYLE = Automatic;
				INFOPLIST_FILE = "Multi-Thread-Network/Info.plist";
				LD_RUNPATH_SEARCH_PATHS = (
					"$(inherited)",
					"@executable_path/Frameworks",
				);
				PRODUCT_BUNDLE_IDENTIFIER = "com.jhh.Multi-Thread-Network";
				PRODUCT_NAME = "$(TARGET_NAME)";
				SWIFT_VERSION = 4.2;
				TARGETED_DEVICE_FAMILY = "1,2";
			};
			name = Release;
		};
		BA3AAB0A220315E600CB5DA4 /* Debug */ = {
			isa = XCBuildConfiguration;
			baseConfigurationReference = 7D9290EC75564F69B56882DC /* Pods-Multi-Thread-NetworkTests.debug.xcconfig */;
			buildSettings = {
				ALWAYS_EMBED_SWIFT_STANDARD_LIBRARIES = YES;
				BUNDLE_LOADER = "$(TEST_HOST)";
				CODE_SIGN_STYLE = Automatic;
				INFOPLIST_FILE = "Multi-Thread-NetworkTests/Info.plist";
				LD_RUNPATH_SEARCH_PATHS = (
					"$(inherited)",
					"@executable_path/Frameworks",
					"@loader_path/Frameworks",
				);
				PRODUCT_BUNDLE_IDENTIFIER = "com.jhh.Multi-Thread-NetworkTests";
				PRODUCT_NAME = "$(TARGET_NAME)";
				SWIFT_VERSION = 4.2;
				TARGETED_DEVICE_FAMILY = "1,2";
				TEST_HOST = "$(BUILT_PRODUCTS_DIR)/Multi-Thread-Network.app/Multi-Thread-Network";
			};
			name = Debug;
		};
		BA3AAB0B220315E600CB5DA4 /* Release */ = {
			isa = XCBuildConfiguration;
			baseConfigurationReference = 6CFE15E25A7D0A86EF90AB99 /* Pods-Multi-Thread-NetworkTests.release.xcconfig */;
			buildSettings = {
				ALWAYS_EMBED_SWIFT_STANDARD_LIBRARIES = YES;
				BUNDLE_LOADER = "$(TEST_HOST)";
				CODE_SIGN_STYLE = Automatic;
				INFOPLIST_FILE = "Multi-Thread-NetworkTests/Info.plist";
				LD_RUNPATH_SEARCH_PATHS = (
					"$(inherited)",
					"@executable_path/Frameworks",
					"@loader_path/Frameworks",
				);
				PRODUCT_BUNDLE_IDENTIFIER = "com.jhh.Multi-Thread-NetworkTests";
				PRODUCT_NAME = "$(TARGET_NAME)";
				SWIFT_VERSION = 4.2;
				TARGETED_DEVICE_FAMILY = "1,2";
				TEST_HOST = "$(BUILT_PRODUCTS_DIR)/Multi-Thread-Network.app/Multi-Thread-Network";
			};
			name = Release;
		};
		BA3AAB0D220315E600CB5DA4 /* Debug */ = {
			isa = XCBuildConfiguration;
			baseConfigurationReference = F810C79D4965E385528F1982 /* Pods-Multi-Thread-NetworkUITests.debug.xcconfig */;
			buildSettings = {
				ALWAYS_EMBED_SWIFT_STANDARD_LIBRARIES = YES;
				CODE_SIGN_STYLE = Automatic;
				INFOPLIST_FILE = "Multi-Thread-NetworkUITests/Info.plist";
				LD_RUNPATH_SEARCH_PATHS = (
					"$(inherited)",
					"@executable_path/Frameworks",
					"@loader_path/Frameworks",
				);
				PRODUCT_BUNDLE_IDENTIFIER = "com.jhh.Multi-Thread-NetworkUITests";
				PRODUCT_NAME = "$(TARGET_NAME)";
				SWIFT_VERSION = 4.2;
				TARGETED_DEVICE_FAMILY = "1,2";
				TEST_TARGET_NAME = "Multi-Thread-Network";
			};
			name = Debug;
		};
		BA3AAB0E220315E600CB5DA4 /* Release */ = {
			isa = XCBuildConfiguration;
			baseConfigurationReference = B80ECB6A33666EF8ED29F6BA /* Pods-Multi-Thread-NetworkUITests.release.xcconfig */;
			buildSettings = {
				ALWAYS_EMBED_SWIFT_STANDARD_LIBRARIES = YES;
				CODE_SIGN_STYLE = Automatic;
				INFOPLIST_FILE = "Multi-Thread-NetworkUITests/Info.plist";
				LD_RUNPATH_SEARCH_PATHS = (
					"$(inherited)",
					"@executable_path/Frameworks",
					"@loader_path/Frameworks",
				);
				PRODUCT_BUNDLE_IDENTIFIER = "com.jhh.Multi-Thread-NetworkUITests";
				PRODUCT_NAME = "$(TARGET_NAME)";
				SWIFT_VERSION = 4.2;
				TARGETED_DEVICE_FAMILY = "1,2";
				TEST_TARGET_NAME = "Multi-Thread-Network";
			};
			name = Release;
		};
/* End XCBuildConfiguration section */

/* Begin XCConfigurationList section */
		BA3AAAD9220315E200CB5DA4 /* Build configuration list for PBXProject "Multi-Thread-Network" */ = {
			isa = XCConfigurationList;
			buildConfigurations = (
				BA3AAB04220315E600CB5DA4 /* Debug */,
				BA3AAB05220315E600CB5DA4 /* Release */,
			);
			defaultConfigurationIsVisible = 0;
			defaultConfigurationName = Release;
		};
		BA3AAB06220315E600CB5DA4 /* Build configuration list for PBXNativeTarget "Multi-Thread-Network" */ = {
			isa = XCConfigurationList;
			buildConfigurations = (
				BA3AAB07220315E600CB5DA4 /* Debug */,
				BA3AAB08220315E600CB5DA4 /* Release */,
			);
			defaultConfigurationIsVisible = 0;
			defaultConfigurationName = Release;
		};
		BA3AAB09220315E600CB5DA4 /* Build configuration list for PBXNativeTarget "Multi-Thread-NetworkTests" */ = {
			isa = XCConfigurationList;
			buildConfigurations = (
				BA3AAB0A220315E600CB5DA4 /* Debug */,
				BA3AAB0B220315E600CB5DA4 /* Release */,
			);
			defaultConfigurationIsVisible = 0;
			defaultConfigurationName = Release;
		};
		BA3AAB0C220315E600CB5DA4 /* Build configuration list for PBXNativeTarget "Multi-Thread-NetworkUITests" */ = {
			isa = XCConfigurationList;
			buildConfigurations = (
				BA3AAB0D220315E600CB5DA4 /* Debug */,
				BA3AAB0E220315E600CB5DA4 /* Release */,
			);
			defaultConfigurationIsVisible = 0;
			defaultConfigurationName = Release;
		};
/* End XCConfigurationList section */
	};
	rootObject = BA3AAAD6220315E200CB5DA4 /* Project object */;
}
